
Microsoft Visual Studio Solution File, Format Version 12.00
# Visual Studio Version 16
VisualStudioVersion = 16.0.29403.142
MinimumVisualStudioVersion = 10.0.40219.1
Project("{FAE04EC0-301F-11D3-BF4B-00C04F79EFBC}") = "FontysKillerAppS2", "FontysKillerAppS2\FontysKillerAppS2.csproj", "{18E2DA2E-6468-4052-B44B-27379B650D82}"
EndProject
Global
	GlobalSection(SolutionConfigurationPlatforms) = preSolution
		Debug|Any CPU = Debug|Any CPU
		Release|Any CPU = Release|Any CPU
	EndGlobalSection
	GlobalSection(ProjectConfigurationPlatforms) = postSolution
		{18E2DA2E-6468-4052-B44B-27379B650D82}.Debug|Any CPU.ActiveCfg = Debug|Any CPU
		{18E2DA2E-6468-4052-B44B-27379B650D82}.Debug|Any CPU.Build.0 = Debug|Any CPU
		{18E2DA2E-6468-4052-B44B-27379B650D82}.Release|Any CPU.ActiveCfg = Release|Any CPU
		{18E2DA2E-6468-4052-B44B-27379B650D82}.Release|Any CPU.Build.0 = Release|Any CPU
	EndGlobalSection
	GlobalSection(SolutionProperties) = preSolution
		HideSolutionNode = FALSE
	EndGlobalSection
	GlobalSection(ExtensibilityGlobals) = postSolution
		SolutionGuid = {8A1C374D-0D82-4C00-8A6E-9DE8616BC0D1}
	EndGlobalSection
EndGlobal
